
Microsoft Visual Studio Solution File, Format Version 12.00
# Visual Studio 15
VisualStudioVersion = 15.0.27004.2008
MinimumVisualStudioVersion = 10.0.40219.1
Project("{2150E333-8FDC-42A3-9474-1A3956D46DE8}") = "01 kintamieji", "01 kintamieji", "{67C20D11-A440-4B58-B62C-D690F439BB3E}"
EndProject
Project("{2150E333-8FDC-42A3-9474-1A3956D46DE8}") = "02 isvedimas", "02 isvedimas", "{1D0079B7-FC72-4D1F-83AC-1D1187E70625}"
EndProject
Project("{2150E333-8FDC-42A3-9474-1A3956D46DE8}") = "03 aritmetiniai veiksmai", "03 aritmetiniai veiksmai", "{D3D4EF03-3689-4672-84C1-BD4C2C3DA585}"
EndProject
Project("{2150E333-8FDC-42A3-9474-1A3956D46DE8}") = "04 ivedimas", "04 ivedimas", "{0CB3EB60-8CD9-4454-A65A-C2E75ECC9C42}"
EndProject
Project("{FAE04EC0-301F-11D3-BF4B-00C04F79EFBC}") = "1 -1 uzduotis", "1 -1 uzduotis\1 -1 uzduotis.csproj", "{4F935DDA-8F1D-4CFA-A66F-D87CF5C233C1}"
EndProject
Project("{FAE04EC0-301F-11D3-BF4B-00C04F79EFBC}") = "2-1", "2-1\2-1.csproj", "{FA134B5D-0388-436C-9BAF-518A97241819}"
EndProject
Project("{FAE04EC0-301F-11D3-BF4B-00C04F79EFBC}") = "2-2", "2-2\2-2.csproj", "{823D5BA7-65CB-4F4C-A5B5-CAE7E65452EA}"
EndProject
Project("{FAE04EC0-301F-11D3-BF4B-00C04F79EFBC}") = "2-3", "2-3\2-3.csproj", "{39F4C7C1-17E0-4BF3-B0DC-EB8AC9177F53}"
EndProject
Project("{FAE04EC0-301F-11D3-BF4B-00C04F79EFBC}") = "2-4", "2-4\2-4.csproj", "{4D077DAB-1D7E-4940-8FD7-8BBED6E9079C}"
EndProject
Project("{FAE04EC0-301F-11D3-BF4B-00C04F79EFBC}") = "2-5", "2-5\2-5.csproj", "{60D3C291-B2AF-4843-A8A3-1748AE7E4B32}"
EndProject
Project("{FAE04EC0-301F-11D3-BF4B-00C04F79EFBC}") = "2-6", "2-6\2-6.csproj", "{F37C4036-1AF8-4862-B896-674D3AD825D7}"
EndProject
Project("{FAE04EC0-301F-11D3-BF4B-00C04F79EFBC}") = "3-1", "3-1\3-1.csproj", "{B285E10B-ACE0-4052-80DD-280F23763F1E}"
EndProject
Project("{FAE04EC0-301F-11D3-BF4B-00C04F79EFBC}") = "3-2", "3-2\3-2.csproj", "{0E722424-C0EA-416B-AE94-7C58ACD52284}"
EndProject
Project("{FAE04EC0-301F-11D3-BF4B-00C04F79EFBC}") = "3-3", "3-3\3-3.csproj", "{102D5483-4498-45DC-817D-63F89775B898}"
EndProject
Project("{FAE04EC0-301F-11D3-BF4B-00C04F79EFBC}") = "3-4", "3-4\3-4.csproj", "{990AAFFA-80F1-431B-B341-6DBA84A02990}"
EndProject
Project("{FAE04EC0-301F-11D3-BF4B-00C04F79EFBC}") = "3-5", "3-5\3-5.csproj", "{9685A8AC-FA73-4AAF-9BD6-65A099306ADB}"
EndProject
Project("{FAE04EC0-301F-11D3-BF4B-00C04F79EFBC}") = "3-6", "3-6\3-6.csproj", "{276E286C-D56E-4183-A838-0CE61B61FBDE}"
EndProject
Project("{FAE04EC0-301F-11D3-BF4B-00C04F79EFBC}") = "4 pasibandymai", "4 pasibandymai\4 pasibandymai.csproj", "{8BA3B671-14BB-4DEC-B5BD-82D749B4B6ED}"
EndProject
Project("{FAE04EC0-301F-11D3-BF4B-00C04F79EFBC}") = "4-1", "4-1\4-1.csproj", "{07F28C78-72D6-4F37-BC57-CC6C5CB46D25}"
EndProject
Project("{FAE04EC0-301F-11D3-BF4B-00C04F79EFBC}") = "4-2", "4-2\4-2.csproj", "{3C03E7AF-4A6D-4344-9D88-8506FB056F4D}"
EndProject
Project("{FAE04EC0-301F-11D3-BF4B-00C04F79EFBC}") = "4-3", "4-3\4-3.csproj", "{6C87CBEF-D049-4411-A44B-FFA7B6740405}"
EndProject
Project("{FAE04EC0-301F-11D3-BF4B-00C04F79EFBC}") = "4-4", "4-4\4-4.csproj", "{B53CD11D-C521-40AD-A0AD-6899662DD5BB}"
EndProject
Project("{FAE04EC0-301F-11D3-BF4B-00C04F79EFBC}") = "4-5", "4-5\4-5.csproj", "{D52D815C-B01F-4AA1-85C0-870B50D6707D}"
EndProject
Project("{FAE04EC0-301F-11D3-BF4B-00C04F79EFBC}") = "4-6", "4-6\4-6.csproj", "{83469594-0A9B-4561-AF31-A93F3352F438}"
EndProject
Project("{FAE04EC0-301F-11D3-BF4B-00C04F79EFBC}") = "4-7", "4-7\4-7.csproj", "{EE0D1364-3FF2-4264-895F-B1A239A2AD48}"
EndProject
Project("{2150E333-8FDC-42A3-9474-1A3956D46DE8}") = "05 if", "05 if", "{BAB592D0-DE6C-4B09-8854-B8829AC48AD3}"
EndProject
Project("{FAE04EC0-301F-11D3-BF4B-00C04F79EFBC}") = "5-1", "5-1\5-1.csproj", "{132C3128-ED19-407A-AE4E-439E815D12EF}"
EndProject
Project("{FAE04EC0-301F-11D3-BF4B-00C04F79EFBC}") = "5-2", "5-2\5-2.csproj", "{25C1B55C-ECC5-4D1D-8FEA-1EB233336679}"
EndProject
Project("{FAE04EC0-301F-11D3-BF4B-00C04F79EFBC}") = "5-3", "5-3\5-3.csproj", "{F95B6DB0-2601-4A8C-87B9-3DECDE036CF6}"
EndProject
Project("{FAE04EC0-301F-11D3-BF4B-00C04F79EFBC}") = "5-4", "5-4\5-4.csproj", "{77BB23CF-1580-43CD-AB32-7EF4EDDF5D7B}"
EndProject
Project("{2150E333-8FDC-42A3-9474-1A3956D46DE8}") = "06 else if", "06 else if", "{FD7A719E-D30B-46D6-989B-3553E80ABB12}"
EndProject
Project("{FAE04EC0-301F-11D3-BF4B-00C04F79EFBC}") = "6-2", "6-2\6-2.csproj", "{0ABA1C5B-6A94-4003-BC29-F91FB7094456}"
EndProject
Project("{FAE04EC0-301F-11D3-BF4B-00C04F79EFBC}") = "6-3", "6-3\6-3.csproj", "{EA643B09-6655-4DBC-9D80-4652818CC317}"
EndProject
Project("{FAE04EC0-301F-11D3-BF4B-00C04F79EFBC}") = "6-4", "6-4\6-4.csproj", "{3DF49F27-11D4-45E6-9B77-C0C655EB6402}"
EndProject
Project("{FAE04EC0-301F-11D3-BF4B-00C04F79EFBC}") = "6-1", "6-1\6-1.csproj", "{8466BC0C-0BC9-4EC7-844C-30B6AE7EC43E}"
EndProject
Project("{2150E333-8FDC-42A3-9474-1A3956D46DE8}") = "07 else", "07 else", "{4CF3E69D-08BF-4336-8392-213949ECFDB3}"
EndProject
Project("{FAE04EC0-301F-11D3-BF4B-00C04F79EFBC}") = "7 bandymai", "7 bandymai\7 bandymai.csproj", "{0E7FF05B-084F-4168-928D-5A66A51A7515}"
EndProject
Project("{FAE04EC0-301F-11D3-BF4B-00C04F79EFBC}") = "7-1", "7-1\7-1.csproj", "{A6000745-C491-40AF-B900-3D6E19771A33}"
EndProject
Project("{FAE04EC0-301F-11D3-BF4B-00C04F79EFBC}") = "7-2", "7-2\7-2.csproj", "{F9BF0BCE-E73A-4FA6-BAF4-203C940CA30B}"
EndProject
Project("{2150E333-8FDC-42A3-9474-1A3956D46DE8}") = "08 if operatoriai", "08 if operatoriai", "{13FC68B0-CABD-4242-A48D-549C0AD0D32E}"
EndProject
Project("{FAE04EC0-301F-11D3-BF4B-00C04F79EFBC}") = "8-1", "8-1\8-1.csproj", "{63B9A09C-BFE6-4E15-818A-CD20140E6ACC}"
EndProject
Project("{FAE04EC0-301F-11D3-BF4B-00C04F79EFBC}") = "8-2", "8-2\8-2.csproj", "{55433BF1-1B46-4DC6-A82C-793A34FEDC12}"
EndProject
Project("{FAE04EC0-301F-11D3-BF4B-00C04F79EFBC}") = "8-3", "8-3\8-3.csproj", "{7FC7E347-EBD6-448B-B7C9-099D67F261D8}"
EndProject
Project("{FAE04EC0-301F-11D3-BF4B-00C04F79EFBC}") = "8-4", "8-4\8-4.csproj", "{22A50E79-B9E3-42D3-8206-0795E81E4EFA}"
EndProject
Project("{2150E333-8FDC-42A3-9474-1A3956D46DE8}") = "09 switch", "09 switch", "{6B236F96-629E-4A1A-A6A4-324A10A8AA5B}"
EndProject
Project("{FAE04EC0-301F-11D3-BF4B-00C04F79EFBC}") = "9-1", "9-1\9-1.csproj", "{07B7AB88-ED0D-4694-BC86-B8B0BC4100AA}"
EndProject
Project("{FAE04EC0-301F-11D3-BF4B-00C04F79EFBC}") = "9-2", "9-2\9-2.csproj", "{1C5B4DFE-812A-4699-8D95-0594FCB321E3}"
EndProject
Project("{FAE04EC0-301F-11D3-BF4B-00C04F79EFBC}") = "9-3", "9-3\9-3.csproj", "{689F5F26-1C38-4DA8-BC09-A51A7CFCBA9C}"
EndProject
Project("{FAE04EC0-301F-11D3-BF4B-00C04F79EFBC}") = "9-4", "9-4\9-4.csproj", "{1FFA694D-35CE-4CB0-85DF-79071F0560E1}"
EndProject
Project("{2150E333-8FDC-42A3-9474-1A3956D46DE8}") = "11 ciklas", "11 ciklas", "{78BE409E-C10D-46B7-BEBF-3B9BB335A373}"
EndProject
Project("{FAE04EC0-301F-11D3-BF4B-00C04F79EFBC}") = "11 pavyzdziai", "11 pavyzdziai\11 pavyzdziai.csproj", "{BCE559DB-4849-4ED4-B634-7C20CFAE646B}"
EndProject
Project("{FAE04EC0-301F-11D3-BF4B-00C04F79EFBC}") = "11-1", "11-1\11-1.csproj", "{E836D311-17A7-42C2-B81B-DAAC40633D3F}"
EndProject
Project("{FAE04EC0-301F-11D3-BF4B-00C04F79EFBC}") = "11-2", "11-2\11-2.csproj", "{EE9D1EA4-1CFC-4864-A08C-6205A99E62C0}"
EndProject
Project("{FAE04EC0-301F-11D3-BF4B-00C04F79EFBC}") = "11-3", "11-3\11-3.csproj", "{0260D520-98A7-42FE-9300-0E2F495B8DEF}"
EndProject
Project("{FAE04EC0-301F-11D3-BF4B-00C04F79EFBC}") = "11-4", "11-4\11-4.csproj", "{FDF3D217-1136-4D76-BD62-9D1EECF0938B}"
EndProject
Project("{2150E333-8FDC-42A3-9474-1A3956D46DE8}") = "Tarpines uzd", "Tarpines uzd", "{3379D71F-C12C-4C19-8B11-A3AD361AE73F}"
EndProject
Project("{FAE04EC0-301F-11D3-BF4B-00C04F79EFBC}") = "10-1 kepalai", "10-1\10-1 kepalai.csproj", "{62DB6D1A-1BCB-498D-BDBD-63D1B80411EE}"
EndProject
Project("{FAE04EC0-301F-11D3-BF4B-00C04F79EFBC}") = "11-5", "11-5\11-5.csproj", "{C6E811D6-BEF6-4E08-BFB8-CABBF7834973}"
EndProject
Project("{FAE04EC0-301F-11D3-BF4B-00C04F79EFBC}") = "11-6", "11-6\11-6.csproj", "{DEB18C7C-E558-47A0-B8AD-828C5674C69A}"
EndProject
Project("{FAE04EC0-301F-11D3-BF4B-00C04F79EFBC}") = "11-7", "11-7\11-7.csproj", "{97BBB407-85A1-4660-B9C7-EA073F4C4E27}"
EndProject
Project("{FAE04EC0-301F-11D3-BF4B-00C04F79EFBC}") = "11-8", "11-8\11-8.csproj", "{E657FA29-92B3-4956-82B0-F880949D08E5}"
EndProject
Project("{FAE04EC0-301F-11D3-BF4B-00C04F79EFBC}") = "11-9", "11-9\11-9.csproj", "{DE9F061B-4D7F-49C6-805C-6E0BA0D7FDC9}"
EndProject
Project("{FAE04EC0-301F-11D3-BF4B-00C04F79EFBC}") = "11-10", "11-10\11-10.csproj", "{8617FFBF-C8AB-4FE4-AC94-9452CA2DE4AC}"
EndProject
Project("{FAE04EC0-301F-11D3-BF4B-00C04F79EFBC}") = "11-11", "11-11\11-11.csproj", "{F42CB67A-5E3F-4435-9539-7F0564E0B215}"
EndProject
Project("{FAE04EC0-301F-11D3-BF4B-00C04F79EFBC}") = "11-12", "11-12\11-12.csproj", "{4A647AEE-C0E4-4636-9B0E-43CDBE91EF0B}"
EndProject
Project("{2150E333-8FDC-42A3-9474-1A3956D46DE8}") = "12 while", "12 while", "{2586F023-FB1E-4759-A0DD-BE78CEC37867}"
EndProject
Project("{FAE04EC0-301F-11D3-BF4B-00C04F79EFBC}") = "12-1", "12-1\12-1.csproj", "{006D82A5-1E01-4420-A755-DA1796301072}"
EndProject
Project("{FAE04EC0-301F-11D3-BF4B-00C04F79EFBC}") = "12-2", "12-2\12-2.csproj", "{AFC9E1FC-99BA-44AC-8A09-9D56CA93C07D}"
EndProject
Project("{FAE04EC0-301F-11D3-BF4B-00C04F79EFBC}") = "12-3", "12-3\12-3.csproj", "{06601A80-38DE-429B-B87B-C8F4E2BD48CC}"
EndProject
Project("{FAE04EC0-301F-11D3-BF4B-00C04F79EFBC}") = "12-4", "12-4\12-4.csproj", "{0DD56875-271B-4807-A905-3C6158A6E7F9}"
EndProject
Project("{FAE04EC0-301F-11D3-BF4B-00C04F79EFBC}") = "12-5", "12-5\12-5.csproj", "{B1FDDBA3-31F3-495F-9598-87C62D322BF9}"
EndProject
Project("{FAE04EC0-301F-11D3-BF4B-00C04F79EFBC}") = "12-6", "12-6\12-6.csproj", "{9B5D50BC-3561-4C2B-885B-A95FB4A8B616}"
EndProject
Project("{FAE04EC0-301F-11D3-BF4B-00C04F79EFBC}") = "12-7", "12-7\12-7.csproj", "{0B098DAF-6C72-47AF-851E-F7EDDB30AE30}"
EndProject
Project("{FAE04EC0-301F-11D3-BF4B-00C04F79EFBC}") = "11-18 tarp", "11-18 tarp\11-18 tarp.csproj", "{401C81D3-EF45-4B1B-90CF-8180D2A812A3}"
EndProject
Project("{FAE04EC0-301F-11D3-BF4B-00C04F79EFBC}") = "11-18 tarp2", "11-18 tarp2\11-18 tarp2.csproj", "{66755490-7F5C-4863-B35A-A7BD82A062DE}"
EndProject
Project("{2150E333-8FDC-42A3-9474-1A3956D46DE8}") = "13 arrays", "13 arrays", "{E2193C15-B586-40C8-BF78-18C4324C2151}"
EndProject
Project("{FAE04EC0-301F-11D3-BF4B-00C04F79EFBC}") = "13 bandymai", "13-1\13 bandymai.csproj", "{B90DE77D-6300-4EE5-9A9D-04CFE36A0861}"
EndProject
Project("{FAE04EC0-301F-11D3-BF4B-00C04F79EFBC}") = "13 temp", "13 temp\13 temp.csproj", "{B0D2C7DA-6804-4DCB-8E99-022E497FEF2F}"
EndProject
Project("{FAE04EC0-301F-11D3-BF4B-00C04F79EFBC}") = "13 paz", "13 paz\13 paz.csproj", "{822C5A57-3CDA-4502-B0DF-FA6B330EDF0B}"
EndProject
Project("{FAE04EC0-301F-11D3-BF4B-00C04F79EFBC}") = "13-3", "13-3\13-3.csproj", "{05A8C835-E010-4ABD-B0F0-7964D76330E9}"
EndProject
Project("{FAE04EC0-301F-11D3-BF4B-00C04F79EFBC}") = "13-4", "13-4\13-4.csproj", "{AFDD9307-3465-464F-8716-9F0940AE6CEC}"
EndProject
Project("{FAE04EC0-301F-11D3-BF4B-00C04F79EFBC}") = "14 bandymai", "14 list\14 bandymai.csproj", "{8E2DCE7A-FB94-4279-BD07-F1C0DF5EA826}"
EndProject
Project("{2150E333-8FDC-42A3-9474-1A3956D46DE8}") = "14 list", "14 list", "{99366B2B-EA8F-4DFA-85AE-3770F02B4545}"
EndProject
Project("{FAE04EC0-301F-11D3-BF4B-00C04F79EFBC}") = "14-2", "14-2\14-2.csproj", "{26358C36-E6D0-4995-A3E2-1E4FEB652F5B}"
EndProject
Project("{FAE04EC0-301F-11D3-BF4B-00C04F79EFBC}") = "14-3", "14-3\14-3.csproj", "{9EA4D005-CFDE-4B71-8BFA-477764BE4FFC}"
EndProject
Project("{FAE04EC0-301F-11D3-BF4B-00C04F79EFBC}") = "14-1", "14-1\14-1.csproj", "{B37F02A3-768C-41A4-83A4-88CDE421CB64}"
EndProject
Project("{2150E333-8FDC-42A3-9474-1A3956D46DE8}") = "15 methods functions", "15 methods functions", "{817101D9-0544-47A9-87BC-127C0CD48BBB}"
EndProject
Project("{FAE04EC0-301F-11D3-BF4B-00C04F79EFBC}") = "15 pvz", "15 pvz\15 pvz.csproj", "{CC0E3D38-ECF6-4EA2-A51B-6841917CE9CA}"
EndProject
Project("{FAE04EC0-301F-11D3-BF4B-00C04F79EFBC}") = "15 papildoma 1", "15 papildoma 1\15 papildoma 1.csproj", "{7A98321A-27BC-460E-9D61-0C1FB28B9910}"
EndProject
Project("{FAE04EC0-301F-11D3-BF4B-00C04F79EFBC}") = "15 papildoma 2", "15 papildoma 2\15 papildoma 2.csproj", "{3B5FABA8-CD6F-4E0A-AFCE-5445C4AA8767}"
EndProject
Project("{FAE04EC0-301F-11D3-BF4B-00C04F79EFBC}") = "15 papildoma 3", "15 papildoma 3\15 papildoma 3.csproj", "{82ED0CB5-5643-44D4-93DA-6302CC86E030}"
EndProject
Project("{FAE04EC0-301F-11D3-BF4B-00C04F79EFBC}") = "15 papildoma 4", "15 papildoma 4\15 papildoma 4.csproj", "{9F5E466B-EDAC-417B-829D-95688F77A170}"
EndProject
Project("{2150E333-8FDC-42A3-9474-1A3956D46DE8}") = "16 classes", "16 classes", "{F8C10583-9645-4E51-B223-CC57587E5544}"
EndProject
Project("{FAE04EC0-301F-11D3-BF4B-00C04F79EFBC}") = "16 pvz", "16 pvz\16 pvz.csproj", "{62C8A355-80BF-42C6-A5E1-2EC945EC42FD}"
EndProject
Project("{FAE04EC0-301F-11D3-BF4B-00C04F79EFBC}") = "16 masinos", "16 masinos\16 masinos.csproj", "{7E67080B-4894-4A2A-89BD-E0A380EA4A5D}"
EndProject
Global
	GlobalSection(SolutionConfigurationPlatforms) = preSolution
		Debug|Any CPU = Debug|Any CPU
		Release|Any CPU = Release|Any CPU
	EndGlobalSection
	GlobalSection(ProjectConfigurationPlatforms) = postSolution
		{4F935DDA-8F1D-4CFA-A66F-D87CF5C233C1}.Debug|Any CPU.ActiveCfg = Debug|Any CPU
		{4F935DDA-8F1D-4CFA-A66F-D87CF5C233C1}.Debug|Any CPU.Build.0 = Debug|Any CPU
		{4F935DDA-8F1D-4CFA-A66F-D87CF5C233C1}.Release|Any CPU.ActiveCfg = Release|Any CPU
		{4F935DDA-8F1D-4CFA-A66F-D87CF5C233C1}.Release|Any CPU.Build.0 = Release|Any CPU
		{FA134B5D-0388-436C-9BAF-518A97241819}.Debug|Any CPU.ActiveCfg = Debug|Any CPU
		{FA134B5D-0388-436C-9BAF-518A97241819}.Debug|Any CPU.Build.0 = Debug|Any CPU
		{FA134B5D-0388-436C-9BAF-518A97241819}.Release|Any CPU.ActiveCfg = Release|Any CPU
		{FA134B5D-0388-436C-9BAF-518A97241819}.Release|Any CPU.Build.0 = Release|Any CPU
		{823D5BA7-65CB-4F4C-A5B5-CAE7E65452EA}.Debug|Any CPU.ActiveCfg = Debug|Any CPU
		{823D5BA7-65CB-4F4C-A5B5-CAE7E65452EA}.Debug|Any CPU.Build.0 = Debug|Any CPU
		{823D5BA7-65CB-4F4C-A5B5-CAE7E65452EA}.Release|Any CPU.ActiveCfg = Release|Any CPU
		{823D5BA7-65CB-4F4C-A5B5-CAE7E65452EA}.Release|Any CPU.Build.0 = Release|Any CPU
		{39F4C7C1-17E0-4BF3-B0DC-EB8AC9177F53}.Debug|Any CPU.ActiveCfg = Debug|Any CPU
		{39F4C7C1-17E0-4BF3-B0DC-EB8AC9177F53}.Debug|Any CPU.Build.0 = Debug|Any CPU
		{39F4C7C1-17E0-4BF3-B0DC-EB8AC9177F53}.Release|Any CPU.ActiveCfg = Release|Any CPU
		{39F4C7C1-17E0-4BF3-B0DC-EB8AC9177F53}.Release|Any CPU.Build.0 = Release|Any CPU
		{4D077DAB-1D7E-4940-8FD7-8BBED6E9079C}.Debug|Any CPU.ActiveCfg = Debug|Any CPU
		{4D077DAB-1D7E-4940-8FD7-8BBED6E9079C}.Debug|Any CPU.Build.0 = Debug|Any CPU
		{4D077DAB-1D7E-4940-8FD7-8BBED6E9079C}.Release|Any CPU.ActiveCfg = Release|Any CPU
		{4D077DAB-1D7E-4940-8FD7-8BBED6E9079C}.Release|Any CPU.Build.0 = Release|Any CPU
		{60D3C291-B2AF-4843-A8A3-1748AE7E4B32}.Debug|Any CPU.ActiveCfg = Debug|Any CPU
		{60D3C291-B2AF-4843-A8A3-1748AE7E4B32}.Debug|Any CPU.Build.0 = Debug|Any CPU
		{60D3C291-B2AF-4843-A8A3-1748AE7E4B32}.Release|Any CPU.ActiveCfg = Release|Any CPU
		{60D3C291-B2AF-4843-A8A3-1748AE7E4B32}.Release|Any CPU.Build.0 = Release|Any CPU
		{F37C4036-1AF8-4862-B896-674D3AD825D7}.Debug|Any CPU.ActiveCfg = Debug|Any CPU
		{F37C4036-1AF8-4862-B896-674D3AD825D7}.Debug|Any CPU.Build.0 = Debug|Any CPU
		{F37C4036-1AF8-4862-B896-674D3AD825D7}.Release|Any CPU.ActiveCfg = Release|Any CPU
		{F37C4036-1AF8-4862-B896-674D3AD825D7}.Release|Any CPU.Build.0 = Release|Any CPU
		{B285E10B-ACE0-4052-80DD-280F23763F1E}.Debug|Any CPU.ActiveCfg = Debug|Any CPU
		{B285E10B-ACE0-4052-80DD-280F23763F1E}.Debug|Any CPU.Build.0 = Debug|Any CPU
		{B285E10B-ACE0-4052-80DD-280F23763F1E}.Release|Any CPU.ActiveCfg = Release|Any CPU
		{B285E10B-ACE0-4052-80DD-280F23763F1E}.Release|Any CPU.Build.0 = Release|Any CPU
		{0E722424-C0EA-416B-AE94-7C58ACD52284}.Debug|Any CPU.ActiveCfg = Debug|Any CPU
		{0E722424-C0EA-416B-AE94-7C58ACD52284}.Debug|Any CPU.Build.0 = Debug|Any CPU
		{0E722424-C0EA-416B-AE94-7C58ACD52284}.Release|Any CPU.ActiveCfg = Release|Any CPU
		{0E722424-C0EA-416B-AE94-7C58ACD52284}.Release|Any CPU.Build.0 = Release|Any CPU
		{102D5483-4498-45DC-817D-63F89775B898}.Debug|Any CPU.ActiveCfg = Debug|Any CPU
		{102D5483-4498-45DC-817D-63F89775B898}.Debug|Any CPU.Build.0 = Debug|Any CPU
		{102D5483-4498-45DC-817D-63F89775B898}.Release|Any CPU.ActiveCfg = Release|Any CPU
		{102D5483-4498-45DC-817D-63F89775B898}.Release|Any CPU.Build.0 = Release|Any CPU
		{990AAFFA-80F1-431B-B341-6DBA84A02990}.Debug|Any CPU.ActiveCfg = Debug|Any CPU
		{990AAFFA-80F1-431B-B341-6DBA84A02990}.Debug|Any CPU.Build.0 = Debug|Any CPU
		{990AAFFA-80F1-431B-B341-6DBA84A02990}.Release|Any CPU.ActiveCfg = Release|Any CPU
		{990AAFFA-80F1-431B-B341-6DBA84A02990}.Release|Any CPU.Build.0 = Release|Any CPU
		{9685A8AC-FA73-4AAF-9BD6-65A099306ADB}.Debug|Any CPU.ActiveCfg = Debug|Any CPU
		{9685A8AC-FA73-4AAF-9BD6-65A099306ADB}.Debug|Any CPU.Build.0 = Debug|Any CPU
		{9685A8AC-FA73-4AAF-9BD6-65A099306ADB}.Release|Any CPU.ActiveCfg = Release|Any CPU
		{9685A8AC-FA73-4AAF-9BD6-65A099306ADB}.Release|Any CPU.Build.0 = Release|Any CPU
		{276E286C-D56E-4183-A838-0CE61B61FBDE}.Debug|Any CPU.ActiveCfg = Debug|Any CPU
		{276E286C-D56E-4183-A838-0CE61B61FBDE}.Debug|Any CPU.Build.0 = Debug|Any CPU
		{276E286C-D56E-4183-A838-0CE61B61FBDE}.Release|Any CPU.ActiveCfg = Release|Any CPU
		{276E286C-D56E-4183-A838-0CE61B61FBDE}.Release|Any CPU.Build.0 = Release|Any CPU
		{8BA3B671-14BB-4DEC-B5BD-82D749B4B6ED}.Debug|Any CPU.ActiveCfg = Debug|Any CPU
		{8BA3B671-14BB-4DEC-B5BD-82D749B4B6ED}.Debug|Any CPU.Build.0 = Debug|Any CPU
		{8BA3B671-14BB-4DEC-B5BD-82D749B4B6ED}.Release|Any CPU.ActiveCfg = Release|Any CPU
		{8BA3B671-14BB-4DEC-B5BD-82D749B4B6ED}.Release|Any CPU.Build.0 = Release|Any CPU
		{07F28C78-72D6-4F37-BC57-CC6C5CB46D25}.Debug|Any CPU.ActiveCfg = Debug|Any CPU
		{07F28C78-72D6-4F37-BC57-CC6C5CB46D25}.Debug|Any CPU.Build.0 = Debug|Any CPU
		{07F28C78-72D6-4F37-BC57-CC6C5CB46D25}.Release|Any CPU.ActiveCfg = Release|Any CPU
		{07F28C78-72D6-4F37-BC57-CC6C5CB46D25}.Release|Any CPU.Build.0 = Release|Any CPU
		{3C03E7AF-4A6D-4344-9D88-8506FB056F4D}.Debug|Any CPU.ActiveCfg = Debug|Any CPU
		{3C03E7AF-4A6D-4344-9D88-8506FB056F4D}.Debug|Any CPU.Build.0 = Debug|Any CPU
		{3C03E7AF-4A6D-4344-9D88-8506FB056F4D}.Release|Any CPU.ActiveCfg = Release|Any CPU
		{3C03E7AF-4A6D-4344-9D88-8506FB056F4D}.Release|Any CPU.Build.0 = Release|Any CPU
		{6C87CBEF-D049-4411-A44B-FFA7B6740405}.Debug|Any CPU.ActiveCfg = Debug|Any CPU
		{6C87CBEF-D049-4411-A44B-FFA7B6740405}.Debug|Any CPU.Build.0 = Debug|Any CPU
		{6C87CBEF-D049-4411-A44B-FFA7B6740405}.Release|Any CPU.ActiveCfg = Release|Any CPU
		{6C87CBEF-D049-4411-A44B-FFA7B6740405}.Release|Any CPU.Build.0 = Release|Any CPU
		{B53CD11D-C521-40AD-A0AD-6899662DD5BB}.Debug|Any CPU.ActiveCfg = Debug|Any CPU
		{B53CD11D-C521-40AD-A0AD-6899662DD5BB}.Debug|Any CPU.Build.0 = Debug|Any CPU
		{B53CD11D-C521-40AD-A0AD-6899662DD5BB}.Release|Any CPU.ActiveCfg = Release|Any CPU
		{B53CD11D-C521-40AD-A0AD-6899662DD5BB}.Release|Any CPU.Build.0 = Release|Any CPU
		{D52D815C-B01F-4AA1-85C0-870B50D6707D}.Debug|Any CPU.ActiveCfg = Debug|Any CPU
		{D52D815C-B01F-4AA1-85C0-870B50D6707D}.Debug|Any CPU.Build.0 = Debug|Any CPU
		{D52D815C-B01F-4AA1-85C0-870B50D6707D}.Release|Any CPU.ActiveCfg = Release|Any CPU
		{D52D815C-B01F-4AA1-85C0-870B50D6707D}.Release|Any CPU.Build.0 = Release|Any CPU
		{83469594-0A9B-4561-AF31-A93F3352F438}.Debug|Any CPU.ActiveCfg = Debug|Any CPU
		{83469594-0A9B-4561-AF31-A93F3352F438}.Debug|Any CPU.Build.0 = Debug|Any CPU
		{83469594-0A9B-4561-AF31-A93F3352F438}.Release|Any CPU.ActiveCfg = Release|Any CPU
		{83469594-0A9B-4561-AF31-A93F3352F438}.Release|Any CPU.Build.0 = Release|Any CPU
		{EE0D1364-3FF2-4264-895F-B1A239A2AD48}.Debug|Any CPU.ActiveCfg = Debug|Any CPU
		{EE0D1364-3FF2-4264-895F-B1A239A2AD48}.Debug|Any CPU.Build.0 = Debug|Any CPU
		{EE0D1364-3FF2-4264-895F-B1A239A2AD48}.Release|Any CPU.ActiveCfg = Release|Any CPU
		{EE0D1364-3FF2-4264-895F-B1A239A2AD48}.Release|Any CPU.Build.0 = Release|Any CPU
		{132C3128-ED19-407A-AE4E-439E815D12EF}.Debug|Any CPU.ActiveCfg = Debug|Any CPU
		{132C3128-ED19-407A-AE4E-439E815D12EF}.Debug|Any CPU.Build.0 = Debug|Any CPU
		{132C3128-ED19-407A-AE4E-439E815D12EF}.Release|Any CPU.ActiveCfg = Release|Any CPU
		{132C3128-ED19-407A-AE4E-439E815D12EF}.Release|Any CPU.Build.0 = Release|Any CPU
		{25C1B55C-ECC5-4D1D-8FEA-1EB233336679}.Debug|Any CPU.ActiveCfg = Debug|Any CPU
		{25C1B55C-ECC5-4D1D-8FEA-1EB233336679}.Debug|Any CPU.Build.0 = Debug|Any CPU
		{25C1B55C-ECC5-4D1D-8FEA-1EB233336679}.Release|Any CPU.ActiveCfg = Release|Any CPU
		{25C1B55C-ECC5-4D1D-8FEA-1EB233336679}.Release|Any CPU.Build.0 = Release|Any CPU
		{F95B6DB0-2601-4A8C-87B9-3DECDE036CF6}.Debug|Any CPU.ActiveCfg = Debug|Any CPU
		{F95B6DB0-2601-4A8C-87B9-3DECDE036CF6}.Debug|Any CPU.Build.0 = Debug|Any CPU
		{F95B6DB0-2601-4A8C-87B9-3DECDE036CF6}.Release|Any CPU.ActiveCfg = Release|Any CPU
		{F95B6DB0-2601-4A8C-87B9-3DECDE036CF6}.Release|Any CPU.Build.0 = Release|Any CPU
		{77BB23CF-1580-43CD-AB32-7EF4EDDF5D7B}.Debug|Any CPU.ActiveCfg = Debug|Any CPU
		{77BB23CF-1580-43CD-AB32-7EF4EDDF5D7B}.Debug|Any CPU.Build.0 = Debug|Any CPU
		{77BB23CF-1580-43CD-AB32-7EF4EDDF5D7B}.Release|Any CPU.ActiveCfg = Release|Any CPU
		{77BB23CF-1580-43CD-AB32-7EF4EDDF5D7B}.Release|Any CPU.Build.0 = Release|Any CPU
		{0ABA1C5B-6A94-4003-BC29-F91FB7094456}.Debug|Any CPU.ActiveCfg = Debug|Any CPU
		{0ABA1C5B-6A94-4003-BC29-F91FB7094456}.Debug|Any CPU.Build.0 = Debug|Any CPU
		{0ABA1C5B-6A94-4003-BC29-F91FB7094456}.Release|Any CPU.ActiveCfg = Release|Any CPU
		{0ABA1C5B-6A94-4003-BC29-F91FB7094456}.Release|Any CPU.Build.0 = Release|Any CPU
		{EA643B09-6655-4DBC-9D80-4652818CC317}.Debug|Any CPU.ActiveCfg = Debug|Any CPU
		{EA643B09-6655-4DBC-9D80-4652818CC317}.Debug|Any CPU.Build.0 = Debug|Any CPU
		{EA643B09-6655-4DBC-9D80-4652818CC317}.Release|Any CPU.ActiveCfg = Release|Any CPU
		{EA643B09-6655-4DBC-9D80-4652818CC317}.Release|Any CPU.Build.0 = Release|Any CPU
		{3DF49F27-11D4-45E6-9B77-C0C655EB6402}.Debug|Any CPU.ActiveCfg = Debug|Any CPU
		{3DF49F27-11D4-45E6-9B77-C0C655EB6402}.Debug|Any CPU.Build.0 = Debug|Any CPU
		{3DF49F27-11D4-45E6-9B77-C0C655EB6402}.Release|Any CPU.ActiveCfg = Release|Any CPU
		{3DF49F27-11D4-45E6-9B77-C0C655EB6402}.Release|Any CPU.Build.0 = Release|Any CPU
		{8466BC0C-0BC9-4EC7-844C-30B6AE7EC43E}.Debug|Any CPU.ActiveCfg = Debug|Any CPU
		{8466BC0C-0BC9-4EC7-844C-30B6AE7EC43E}.Debug|Any CPU.Build.0 = Debug|Any CPU
		{8466BC0C-0BC9-4EC7-844C-30B6AE7EC43E}.Release|Any CPU.ActiveCfg = Release|Any CPU
		{8466BC0C-0BC9-4EC7-844C-30B6AE7EC43E}.Release|Any CPU.Build.0 = Release|Any CPU
		{0E7FF05B-084F-4168-928D-5A66A51A7515}.Debug|Any CPU.ActiveCfg = Debug|Any CPU
		{0E7FF05B-084F-4168-928D-5A66A51A7515}.Debug|Any CPU.Build.0 = Debug|Any CPU
		{0E7FF05B-084F-4168-928D-5A66A51A7515}.Release|Any CPU.ActiveCfg = Release|Any CPU
		{0E7FF05B-084F-4168-928D-5A66A51A7515}.Release|Any CPU.Build.0 = Release|Any CPU
		{A6000745-C491-40AF-B900-3D6E19771A33}.Debug|Any CPU.ActiveCfg = Debug|Any CPU
		{A6000745-C491-40AF-B900-3D6E19771A33}.Debug|Any CPU.Build.0 = Debug|Any CPU
		{A6000745-C491-40AF-B900-3D6E19771A33}.Release|Any CPU.ActiveCfg = Release|Any CPU
		{A6000745-C491-40AF-B900-3D6E19771A33}.Release|Any CPU.Build.0 = Release|Any CPU
		{F9BF0BCE-E73A-4FA6-BAF4-203C940CA30B}.Debug|Any CPU.ActiveCfg = Debug|Any CPU
		{F9BF0BCE-E73A-4FA6-BAF4-203C940CA30B}.Debug|Any CPU.Build.0 = Debug|Any CPU
		{F9BF0BCE-E73A-4FA6-BAF4-203C940CA30B}.Release|Any CPU.ActiveCfg = Release|Any CPU
		{F9BF0BCE-E73A-4FA6-BAF4-203C940CA30B}.Release|Any CPU.Build.0 = Release|Any CPU
		{63B9A09C-BFE6-4E15-818A-CD20140E6ACC}.Debug|Any CPU.ActiveCfg = Debug|Any CPU
		{63B9A09C-BFE6-4E15-818A-CD20140E6ACC}.Debug|Any CPU.Build.0 = Debug|Any CPU
		{63B9A09C-BFE6-4E15-818A-CD20140E6ACC}.Release|Any CPU.ActiveCfg = Release|Any CPU
		{63B9A09C-BFE6-4E15-818A-CD20140E6ACC}.Release|Any CPU.Build.0 = Release|Any CPU
		{55433BF1-1B46-4DC6-A82C-793A34FEDC12}.Debug|Any CPU.ActiveCfg = Debug|Any CPU
		{55433BF1-1B46-4DC6-A82C-793A34FEDC12}.Debug|Any CPU.Build.0 = Debug|Any CPU
		{55433BF1-1B46-4DC6-A82C-793A34FEDC12}.Release|Any CPU.ActiveCfg = Release|Any CPU
		{55433BF1-1B46-4DC6-A82C-793A34FEDC12}.Release|Any CPU.Build.0 = Release|Any CPU
		{7FC7E347-EBD6-448B-B7C9-099D67F261D8}.Debug|Any CPU.ActiveCfg = Debug|Any CPU
		{7FC7E347-EBD6-448B-B7C9-099D67F261D8}.Debug|Any CPU.Build.0 = Debug|Any CPU
		{7FC7E347-EBD6-448B-B7C9-099D67F261D8}.Release|Any CPU.ActiveCfg = Release|Any CPU
		{7FC7E347-EBD6-448B-B7C9-099D67F261D8}.Release|Any CPU.Build.0 = Release|Any CPU
		{22A50E79-B9E3-42D3-8206-0795E81E4EFA}.Debug|Any CPU.ActiveCfg = Debug|Any CPU
		{22A50E79-B9E3-42D3-8206-0795E81E4EFA}.Debug|Any CPU.Build.0 = Debug|Any CPU
		{22A50E79-B9E3-42D3-8206-0795E81E4EFA}.Release|Any CPU.ActiveCfg = Release|Any CPU
		{22A50E79-B9E3-42D3-8206-0795E81E4EFA}.Release|Any CPU.Build.0 = Release|Any CPU
		{07B7AB88-ED0D-4694-BC86-B8B0BC4100AA}.Debug|Any CPU.ActiveCfg = Debug|Any CPU
		{07B7AB88-ED0D-4694-BC86-B8B0BC4100AA}.Debug|Any CPU.Build.0 = Debug|Any CPU
		{07B7AB88-ED0D-4694-BC86-B8B0BC4100AA}.Release|Any CPU.ActiveCfg = Release|Any CPU
		{07B7AB88-ED0D-4694-BC86-B8B0BC4100AA}.Release|Any CPU.Build.0 = Release|Any CPU
		{1C5B4DFE-812A-4699-8D95-0594FCB321E3}.Debug|Any CPU.ActiveCfg = Debug|Any CPU
		{1C5B4DFE-812A-4699-8D95-0594FCB321E3}.Debug|Any CPU.Build.0 = Debug|Any CPU
		{1C5B4DFE-812A-4699-8D95-0594FCB321E3}.Release|Any CPU.ActiveCfg = Release|Any CPU
		{1C5B4DFE-812A-4699-8D95-0594FCB321E3}.Release|Any CPU.Build.0 = Release|Any CPU
		{689F5F26-1C38-4DA8-BC09-A51A7CFCBA9C}.Debug|Any CPU.ActiveCfg = Debug|Any CPU
		{689F5F26-1C38-4DA8-BC09-A51A7CFCBA9C}.Debug|Any CPU.Build.0 = Debug|Any CPU
		{689F5F26-1C38-4DA8-BC09-A51A7CFCBA9C}.Release|Any CPU.ActiveCfg = Release|Any CPU
		{689F5F26-1C38-4DA8-BC09-A51A7CFCBA9C}.Release|Any CPU.Build.0 = Release|Any CPU
		{1FFA694D-35CE-4CB0-85DF-79071F0560E1}.Debug|Any CPU.ActiveCfg = Debug|Any CPU
		{1FFA694D-35CE-4CB0-85DF-79071F0560E1}.Debug|Any CPU.Build.0 = Debug|Any CPU
		{1FFA694D-35CE-4CB0-85DF-79071F0560E1}.Release|Any CPU.ActiveCfg = Release|Any CPU
		{1FFA694D-35CE-4CB0-85DF-79071F0560E1}.Release|Any CPU.Build.0 = Release|Any CPU
		{BCE559DB-4849-4ED4-B634-7C20CFAE646B}.Debug|Any CPU.ActiveCfg = Debug|Any CPU
		{BCE559DB-4849-4ED4-B634-7C20CFAE646B}.Debug|Any CPU.Build.0 = Debug|Any CPU
		{BCE559DB-4849-4ED4-B634-7C20CFAE646B}.Release|Any CPU.ActiveCfg = Release|Any CPU
		{BCE559DB-4849-4ED4-B634-7C20CFAE646B}.Release|Any CPU.Build.0 = Release|Any CPU
		{E836D311-17A7-42C2-B81B-DAAC40633D3F}.Debug|Any CPU.ActiveCfg = Debug|Any CPU
		{E836D311-17A7-42C2-B81B-DAAC40633D3F}.Debug|Any CPU.Build.0 = Debug|Any CPU
		{E836D311-17A7-42C2-B81B-DAAC40633D3F}.Release|Any CPU.ActiveCfg = Release|Any CPU
		{E836D311-17A7-42C2-B81B-DAAC40633D3F}.Release|Any CPU.Build.0 = Release|Any CPU
		{EE9D1EA4-1CFC-4864-A08C-6205A99E62C0}.Debug|Any CPU.ActiveCfg = Debug|Any CPU
		{EE9D1EA4-1CFC-4864-A08C-6205A99E62C0}.Debug|Any CPU.Build.0 = Debug|Any CPU
		{EE9D1EA4-1CFC-4864-A08C-6205A99E62C0}.Release|Any CPU.ActiveCfg = Release|Any CPU
		{EE9D1EA4-1CFC-4864-A08C-6205A99E62C0}.Release|Any CPU.Build.0 = Release|Any CPU
		{0260D520-98A7-42FE-9300-0E2F495B8DEF}.Debug|Any CPU.ActiveCfg = Debug|Any CPU
		{0260D520-98A7-42FE-9300-0E2F495B8DEF}.Debug|Any CPU.Build.0 = Debug|Any CPU
		{0260D520-98A7-42FE-9300-0E2F495B8DEF}.Release|Any CPU.ActiveCfg = Release|Any CPU
		{0260D520-98A7-42FE-9300-0E2F495B8DEF}.Release|Any CPU.Build.0 = Release|Any CPU
		{FDF3D217-1136-4D76-BD62-9D1EECF0938B}.Debug|Any CPU.ActiveCfg = Debug|Any CPU
		{FDF3D217-1136-4D76-BD62-9D1EECF0938B}.Debug|Any CPU.Build.0 = Debug|Any CPU
		{FDF3D217-1136-4D76-BD62-9D1EECF0938B}.Release|Any CPU.ActiveCfg = Release|Any CPU
		{FDF3D217-1136-4D76-BD62-9D1EECF0938B}.Release|Any CPU.Build.0 = Release|Any CPU
		{62DB6D1A-1BCB-498D-BDBD-63D1B80411EE}.Debug|Any CPU.ActiveCfg = Debug|Any CPU
		{62DB6D1A-1BCB-498D-BDBD-63D1B80411EE}.Debug|Any CPU.Build.0 = Debug|Any CPU
		{62DB6D1A-1BCB-498D-BDBD-63D1B80411EE}.Release|Any CPU.ActiveCfg = Release|Any CPU
		{62DB6D1A-1BCB-498D-BDBD-63D1B80411EE}.Release|Any CPU.Build.0 = Release|Any CPU
		{C6E811D6-BEF6-4E08-BFB8-CABBF7834973}.Debug|Any CPU.ActiveCfg = Debug|Any CPU
		{C6E811D6-BEF6-4E08-BFB8-CABBF7834973}.Debug|Any CPU.Build.0 = Debug|Any CPU
		{C6E811D6-BEF6-4E08-BFB8-CABBF7834973}.Release|Any CPU.ActiveCfg = Release|Any CPU
		{C6E811D6-BEF6-4E08-BFB8-CABBF7834973}.Release|Any CPU.Build.0 = Release|Any CPU
		{DEB18C7C-E558-47A0-B8AD-828C5674C69A}.Debug|Any CPU.ActiveCfg = Debug|Any CPU
		{DEB18C7C-E558-47A0-B8AD-828C5674C69A}.Debug|Any CPU.Build.0 = Debug|Any CPU
		{DEB18C7C-E558-47A0-B8AD-828C5674C69A}.Release|Any CPU.ActiveCfg = Release|Any CPU
		{DEB18C7C-E558-47A0-B8AD-828C5674C69A}.Release|Any CPU.Build.0 = Release|Any CPU
		{97BBB407-85A1-4660-B9C7-EA073F4C4E27}.Debug|Any CPU.ActiveCfg = Debug|Any CPU
		{97BBB407-85A1-4660-B9C7-EA073F4C4E27}.Debug|Any CPU.Build.0 = Debug|Any CPU
		{97BBB407-85A1-4660-B9C7-EA073F4C4E27}.Release|Any CPU.ActiveCfg = Release|Any CPU
		{97BBB407-85A1-4660-B9C7-EA073F4C4E27}.Release|Any CPU.Build.0 = Release|Any CPU
		{E657FA29-92B3-4956-82B0-F880949D08E5}.Debug|Any CPU.ActiveCfg = Debug|Any CPU
		{E657FA29-92B3-4956-82B0-F880949D08E5}.Debug|Any CPU.Build.0 = Debug|Any CPU
		{E657FA29-92B3-4956-82B0-F880949D08E5}.Release|Any CPU.ActiveCfg = Release|Any CPU
		{E657FA29-92B3-4956-82B0-F880949D08E5}.Release|Any CPU.Build.0 = Release|Any CPU
		{DE9F061B-4D7F-49C6-805C-6E0BA0D7FDC9}.Debug|Any CPU.ActiveCfg = Debug|Any CPU
		{DE9F061B-4D7F-49C6-805C-6E0BA0D7FDC9}.Debug|Any CPU.Build.0 = Debug|Any CPU
		{DE9F061B-4D7F-49C6-805C-6E0BA0D7FDC9}.Release|Any CPU.ActiveCfg = Release|Any CPU
		{DE9F061B-4D7F-49C6-805C-6E0BA0D7FDC9}.Release|Any CPU.Build.0 = Release|Any CPU
		{8617FFBF-C8AB-4FE4-AC94-9452CA2DE4AC}.Debug|Any CPU.ActiveCfg = Debug|Any CPU
		{8617FFBF-C8AB-4FE4-AC94-9452CA2DE4AC}.Debug|Any CPU.Build.0 = Debug|Any CPU
		{8617FFBF-C8AB-4FE4-AC94-9452CA2DE4AC}.Release|Any CPU.ActiveCfg = Release|Any CPU
		{8617FFBF-C8AB-4FE4-AC94-9452CA2DE4AC}.Release|Any CPU.Build.0 = Release|Any CPU
		{F42CB67A-5E3F-4435-9539-7F0564E0B215}.Debug|Any CPU.ActiveCfg = Debug|Any CPU
		{F42CB67A-5E3F-4435-9539-7F0564E0B215}.Debug|Any CPU.Build.0 = Debug|Any CPU
		{F42CB67A-5E3F-4435-9539-7F0564E0B215}.Release|Any CPU.ActiveCfg = Release|Any CPU
		{F42CB67A-5E3F-4435-9539-7F0564E0B215}.Release|Any CPU.Build.0 = Release|Any CPU
		{4A647AEE-C0E4-4636-9B0E-43CDBE91EF0B}.Debug|Any CPU.ActiveCfg = Debug|Any CPU
		{4A647AEE-C0E4-4636-9B0E-43CDBE91EF0B}.Debug|Any CPU.Build.0 = Debug|Any CPU
		{4A647AEE-C0E4-4636-9B0E-43CDBE91EF0B}.Release|Any CPU.ActiveCfg = Release|Any CPU
		{4A647AEE-C0E4-4636-9B0E-43CDBE91EF0B}.Release|Any CPU.Build.0 = Release|Any CPU
		{006D82A5-1E01-4420-A755-DA1796301072}.Debug|Any CPU.ActiveCfg = Debug|Any CPU
		{006D82A5-1E01-4420-A755-DA1796301072}.Debug|Any CPU.Build.0 = Debug|Any CPU
		{006D82A5-1E01-4420-A755-DA1796301072}.Release|Any CPU.ActiveCfg = Release|Any CPU
		{006D82A5-1E01-4420-A755-DA1796301072}.Release|Any CPU.Build.0 = Release|Any CPU
		{AFC9E1FC-99BA-44AC-8A09-9D56CA93C07D}.Debug|Any CPU.ActiveCfg = Debug|Any CPU
		{AFC9E1FC-99BA-44AC-8A09-9D56CA93C07D}.Debug|Any CPU.Build.0 = Debug|Any CPU
		{AFC9E1FC-99BA-44AC-8A09-9D56CA93C07D}.Release|Any CPU.ActiveCfg = Release|Any CPU
		{AFC9E1FC-99BA-44AC-8A09-9D56CA93C07D}.Release|Any CPU.Build.0 = Release|Any CPU
		{06601A80-38DE-429B-B87B-C8F4E2BD48CC}.Debug|Any CPU.ActiveCfg = Debug|Any CPU
		{06601A80-38DE-429B-B87B-C8F4E2BD48CC}.Debug|Any CPU.Build.0 = Debug|Any CPU
		{06601A80-38DE-429B-B87B-C8F4E2BD48CC}.Release|Any CPU.ActiveCfg = Release|Any CPU
		{06601A80-38DE-429B-B87B-C8F4E2BD48CC}.Release|Any CPU.Build.0 = Release|Any CPU
		{0DD56875-271B-4807-A905-3C6158A6E7F9}.Debug|Any CPU.ActiveCfg = Debug|Any CPU
		{0DD56875-271B-4807-A905-3C6158A6E7F9}.Debug|Any CPU.Build.0 = Debug|Any CPU
		{0DD56875-271B-4807-A905-3C6158A6E7F9}.Release|Any CPU.ActiveCfg = Release|Any CPU
		{0DD56875-271B-4807-A905-3C6158A6E7F9}.Release|Any CPU.Build.0 = Release|Any CPU
		{B1FDDBA3-31F3-495F-9598-87C62D322BF9}.Debug|Any CPU.ActiveCfg = Debug|Any CPU
		{B1FDDBA3-31F3-495F-9598-87C62D322BF9}.Debug|Any CPU.Build.0 = Debug|Any CPU
		{B1FDDBA3-31F3-495F-9598-87C62D322BF9}.Release|Any CPU.ActiveCfg = Release|Any CPU
		{B1FDDBA3-31F3-495F-9598-87C62D322BF9}.Release|Any CPU.Build.0 = Release|Any CPU
		{9B5D50BC-3561-4C2B-885B-A95FB4A8B616}.Debug|Any CPU.ActiveCfg = Debug|Any CPU
		{9B5D50BC-3561-4C2B-885B-A95FB4A8B616}.Debug|Any CPU.Build.0 = Debug|Any CPU
		{9B5D50BC-3561-4C2B-885B-A95FB4A8B616}.Release|Any CPU.ActiveCfg = Release|Any CPU
		{9B5D50BC-3561-4C2B-885B-A95FB4A8B616}.Release|Any CPU.Build.0 = Release|Any CPU
		{0B098DAF-6C72-47AF-851E-F7EDDB30AE30}.Debug|Any CPU.ActiveCfg = Debug|Any CPU
		{0B098DAF-6C72-47AF-851E-F7EDDB30AE30}.Debug|Any CPU.Build.0 = Debug|Any CPU
		{0B098DAF-6C72-47AF-851E-F7EDDB30AE30}.Release|Any CPU.ActiveCfg = Release|Any CPU
		{0B098DAF-6C72-47AF-851E-F7EDDB30AE30}.Release|Any CPU.Build.0 = Release|Any CPU
		{401C81D3-EF45-4B1B-90CF-8180D2A812A3}.Debug|Any CPU.ActiveCfg = Debug|Any CPU
		{401C81D3-EF45-4B1B-90CF-8180D2A812A3}.Debug|Any CPU.Build.0 = Debug|Any CPU
		{401C81D3-EF45-4B1B-90CF-8180D2A812A3}.Release|Any CPU.ActiveCfg = Release|Any CPU
		{401C81D3-EF45-4B1B-90CF-8180D2A812A3}.Release|Any CPU.Build.0 = Release|Any CPU
		{66755490-7F5C-4863-B35A-A7BD82A062DE}.Debug|Any CPU.ActiveCfg = Debug|Any CPU
		{66755490-7F5C-4863-B35A-A7BD82A062DE}.Debug|Any CPU.Build.0 = Debug|Any CPU
		{66755490-7F5C-4863-B35A-A7BD82A062DE}.Release|Any CPU.ActiveCfg = Release|Any CPU
		{66755490-7F5C-4863-B35A-A7BD82A062DE}.Release|Any CPU.Build.0 = Release|Any CPU
		{B90DE77D-6300-4EE5-9A9D-04CFE36A0861}.Debug|Any CPU.ActiveCfg = Debug|Any CPU
		{B90DE77D-6300-4EE5-9A9D-04CFE36A0861}.Debug|Any CPU.Build.0 = Debug|Any CPU
		{B90DE77D-6300-4EE5-9A9D-04CFE36A0861}.Release|Any CPU.ActiveCfg = Release|Any CPU
		{B90DE77D-6300-4EE5-9A9D-04CFE36A0861}.Release|Any CPU.Build.0 = Release|Any CPU
		{B0D2C7DA-6804-4DCB-8E99-022E497FEF2F}.Debug|Any CPU.ActiveCfg = Debug|Any CPU
		{B0D2C7DA-6804-4DCB-8E99-022E497FEF2F}.Debug|Any CPU.Build.0 = Debug|Any CPU
		{B0D2C7DA-6804-4DCB-8E99-022E497FEF2F}.Release|Any CPU.ActiveCfg = Release|Any CPU
		{B0D2C7DA-6804-4DCB-8E99-022E497FEF2F}.Release|Any CPU.Build.0 = Release|Any CPU
		{822C5A57-3CDA-4502-B0DF-FA6B330EDF0B}.Debug|Any CPU.ActiveCfg = Debug|Any CPU
		{822C5A57-3CDA-4502-B0DF-FA6B330EDF0B}.Debug|Any CPU.Build.0 = Debug|Any CPU
		{822C5A57-3CDA-4502-B0DF-FA6B330EDF0B}.Release|Any CPU.ActiveCfg = Release|Any CPU
		{822C5A57-3CDA-4502-B0DF-FA6B330EDF0B}.Release|Any CPU.Build.0 = Release|Any CPU
		{05A8C835-E010-4ABD-B0F0-7964D76330E9}.Debug|Any CPU.ActiveCfg = Debug|Any CPU
		{05A8C835-E010-4ABD-B0F0-7964D76330E9}.Debug|Any CPU.Build.0 = Debug|Any CPU
		{05A8C835-E010-4ABD-B0F0-7964D76330E9}.Release|Any CPU.ActiveCfg = Release|Any CPU
		{05A8C835-E010-4ABD-B0F0-7964D76330E9}.Release|Any CPU.Build.0 = Release|Any CPU
		{AFDD9307-3465-464F-8716-9F0940AE6CEC}.Debug|Any CPU.ActiveCfg = Debug|Any CPU
		{AFDD9307-3465-464F-8716-9F0940AE6CEC}.Debug|Any CPU.Build.0 = Debug|Any CPU
		{AFDD9307-3465-464F-8716-9F0940AE6CEC}.Release|Any CPU.ActiveCfg = Release|Any CPU
		{AFDD9307-3465-464F-8716-9F0940AE6CEC}.Release|Any CPU.Build.0 = Release|Any CPU
		{8E2DCE7A-FB94-4279-BD07-F1C0DF5EA826}.Debug|Any CPU.ActiveCfg = Debug|Any CPU
		{8E2DCE7A-FB94-4279-BD07-F1C0DF5EA826}.Debug|Any CPU.Build.0 = Debug|Any CPU
		{8E2DCE7A-FB94-4279-BD07-F1C0DF5EA826}.Release|Any CPU.ActiveCfg = Release|Any CPU
		{8E2DCE7A-FB94-4279-BD07-F1C0DF5EA826}.Release|Any CPU.Build.0 = Release|Any CPU
		{26358C36-E6D0-4995-A3E2-1E4FEB652F5B}.Debug|Any CPU.ActiveCfg = Debug|Any CPU
		{26358C36-E6D0-4995-A3E2-1E4FEB652F5B}.Debug|Any CPU.Build.0 = Debug|Any CPU
		{26358C36-E6D0-4995-A3E2-1E4FEB652F5B}.Release|Any CPU.ActiveCfg = Release|Any CPU
		{26358C36-E6D0-4995-A3E2-1E4FEB652F5B}.Release|Any CPU.Build.0 = Release|Any CPU
		{9EA4D005-CFDE-4B71-8BFA-477764BE4FFC}.Debug|Any CPU.ActiveCfg = Debug|Any CPU
		{9EA4D005-CFDE-4B71-8BFA-477764BE4FFC}.Debug|Any CPU.Build.0 = Debug|Any CPU
		{9EA4D005-CFDE-4B71-8BFA-477764BE4FFC}.Release|Any CPU.ActiveCfg = Release|Any CPU
		{9EA4D005-CFDE-4B71-8BFA-477764BE4FFC}.Release|Any CPU.Build.0 = Release|Any CPU
		{B37F02A3-768C-41A4-83A4-88CDE421CB64}.Debug|Any CPU.ActiveCfg = Debug|Any CPU
		{B37F02A3-768C-41A4-83A4-88CDE421CB64}.Debug|Any CPU.Build.0 = Debug|Any CPU
		{B37F02A3-768C-41A4-83A4-88CDE421CB64}.Release|Any CPU.ActiveCfg = Release|Any CPU
		{B37F02A3-768C-41A4-83A4-88CDE421CB64}.Release|Any CPU.Build.0 = Release|Any CPU
		{CC0E3D38-ECF6-4EA2-A51B-6841917CE9CA}.Debug|Any CPU.ActiveCfg = Debug|Any CPU
		{CC0E3D38-ECF6-4EA2-A51B-6841917CE9CA}.Debug|Any CPU.Build.0 = Debug|Any CPU
		{CC0E3D38-ECF6-4EA2-A51B-6841917CE9CA}.Release|Any CPU.ActiveCfg = Release|Any CPU
		{CC0E3D38-ECF6-4EA2-A51B-6841917CE9CA}.Release|Any CPU.Build.0 = Release|Any CPU
		{7A98321A-27BC-460E-9D61-0C1FB28B9910}.Debug|Any CPU.ActiveCfg = Debug|Any CPU
		{7A98321A-27BC-460E-9D61-0C1FB28B9910}.Debug|Any CPU.Build.0 = Debug|Any CPU
		{7A98321A-27BC-460E-9D61-0C1FB28B9910}.Release|Any CPU.ActiveCfg = Release|Any CPU
		{7A98321A-27BC-460E-9D61-0C1FB28B9910}.Release|Any CPU.Build.0 = Release|Any CPU
		{3B5FABA8-CD6F-4E0A-AFCE-5445C4AA8767}.Debug|Any CPU.ActiveCfg = Debug|Any CPU
		{3B5FABA8-CD6F-4E0A-AFCE-5445C4AA8767}.Debug|Any CPU.Build.0 = Debug|Any CPU
		{3B5FABA8-CD6F-4E0A-AFCE-5445C4AA8767}.Release|Any CPU.ActiveCfg = Release|Any CPU
		{3B5FABA8-CD6F-4E0A-AFCE-5445C4AA8767}.Release|Any CPU.Build.0 = Release|Any CPU
		{82ED0CB5-5643-44D4-93DA-6302CC86E030}.Debug|Any CPU.ActiveCfg = Debug|Any CPU
		{82ED0CB5-5643-44D4-93DA-6302CC86E030}.Debug|Any CPU.Build.0 = Debug|Any CPU
		{82ED0CB5-5643-44D4-93DA-6302CC86E030}.Release|Any CPU.ActiveCfg = Release|Any CPU
		{82ED0CB5-5643-44D4-93DA-6302CC86E030}.Release|Any CPU.Build.0 = Release|Any CPU
		{9F5E466B-EDAC-417B-829D-95688F77A170}.Debug|Any CPU.ActiveCfg = Debug|Any CPU
		{9F5E466B-EDAC-417B-829D-95688F77A170}.Debug|Any CPU.Build.0 = Debug|Any CPU
		{9F5E466B-EDAC-417B-829D-95688F77A170}.Release|Any CPU.ActiveCfg = Release|Any CPU
		{9F5E466B-EDAC-417B-829D-95688F77A170}.Release|Any CPU.Build.0 = Release|Any CPU
		{62C8A355-80BF-42C6-A5E1-2EC945EC42FD}.Debug|Any CPU.ActiveCfg = Debug|Any CPU
		{62C8A355-80BF-42C6-A5E1-2EC945EC42FD}.Debug|Any CPU.Build.0 = Debug|Any CPU
		{62C8A355-80BF-42C6-A5E1-2EC945EC42FD}.Release|Any CPU.ActiveCfg = Release|Any CPU
		{62C8A355-80BF-42C6-A5E1-2EC945EC42FD}.Release|Any CPU.Build.0 = Release|Any CPU
		{7E67080B-4894-4A2A-89BD-E0A380EA4A5D}.Debug|Any CPU.ActiveCfg = Debug|Any CPU
		{7E67080B-4894-4A2A-89BD-E0A380EA4A5D}.Debug|Any CPU.Build.0 = Debug|Any CPU
		{7E67080B-4894-4A2A-89BD-E0A380EA4A5D}.Release|Any CPU.ActiveCfg = Release|Any CPU
		{7E67080B-4894-4A2A-89BD-E0A380EA4A5D}.Release|Any CPU.Build.0 = Release|Any CPU
	EndGlobalSection
	GlobalSection(SolutionProperties) = preSolution
		HideSolutionNode = FALSE
	EndGlobalSection
	GlobalSection(NestedProjects) = preSolution
		{4F935DDA-8F1D-4CFA-A66F-D87CF5C233C1} = {67C20D11-A440-4B58-B62C-D690F439BB3E}
		{FA134B5D-0388-436C-9BAF-518A97241819} = {1D0079B7-FC72-4D1F-83AC-1D1187E70625}
		{823D5BA7-65CB-4F4C-A5B5-CAE7E65452EA} = {1D0079B7-FC72-4D1F-83AC-1D1187E70625}
		{39F4C7C1-17E0-4BF3-B0DC-EB8AC9177F53} = {1D0079B7-FC72-4D1F-83AC-1D1187E70625}
		{4D077DAB-1D7E-4940-8FD7-8BBED6E9079C} = {1D0079B7-FC72-4D1F-83AC-1D1187E70625}
		{60D3C291-B2AF-4843-A8A3-1748AE7E4B32} = {1D0079B7-FC72-4D1F-83AC-1D1187E70625}
		{F37C4036-1AF8-4862-B896-674D3AD825D7} = {1D0079B7-FC72-4D1F-83AC-1D1187E70625}
		{B285E10B-ACE0-4052-80DD-280F23763F1E} = {D3D4EF03-3689-4672-84C1-BD4C2C3DA585}
		{0E722424-C0EA-416B-AE94-7C58ACD52284} = {D3D4EF03-3689-4672-84C1-BD4C2C3DA585}
		{102D5483-4498-45DC-817D-63F89775B898} = {D3D4EF03-3689-4672-84C1-BD4C2C3DA585}
		{990AAFFA-80F1-431B-B341-6DBA84A02990} = {D3D4EF03-3689-4672-84C1-BD4C2C3DA585}
		{9685A8AC-FA73-4AAF-9BD6-65A099306ADB} = {D3D4EF03-3689-4672-84C1-BD4C2C3DA585}
		{276E286C-D56E-4183-A838-0CE61B61FBDE} = {D3D4EF03-3689-4672-84C1-BD4C2C3DA585}
		{8BA3B671-14BB-4DEC-B5BD-82D749B4B6ED} = {0CB3EB60-8CD9-4454-A65A-C2E75ECC9C42}
		{07F28C78-72D6-4F37-BC57-CC6C5CB46D25} = {0CB3EB60-8CD9-4454-A65A-C2E75ECC9C42}
		{3C03E7AF-4A6D-4344-9D88-8506FB056F4D} = {0CB3EB60-8CD9-4454-A65A-C2E75ECC9C42}
		{6C87CBEF-D049-4411-A44B-FFA7B6740405} = {0CB3EB60-8CD9-4454-A65A-C2E75ECC9C42}
		{B53CD11D-C521-40AD-A0AD-6899662DD5BB} = {0CB3EB60-8CD9-4454-A65A-C2E75ECC9C42}
		{D52D815C-B01F-4AA1-85C0-870B50D6707D} = {0CB3EB60-8CD9-4454-A65A-C2E75ECC9C42}
		{83469594-0A9B-4561-AF31-A93F3352F438} = {0CB3EB60-8CD9-4454-A65A-C2E75ECC9C42}
		{EE0D1364-3FF2-4264-895F-B1A239A2AD48} = {0CB3EB60-8CD9-4454-A65A-C2E75ECC9C42}
		{132C3128-ED19-407A-AE4E-439E815D12EF} = {BAB592D0-DE6C-4B09-8854-B8829AC48AD3}
		{25C1B55C-ECC5-4D1D-8FEA-1EB233336679} = {BAB592D0-DE6C-4B09-8854-B8829AC48AD3}
		{F95B6DB0-2601-4A8C-87B9-3DECDE036CF6} = {BAB592D0-DE6C-4B09-8854-B8829AC48AD3}
		{77BB23CF-1580-43CD-AB32-7EF4EDDF5D7B} = {BAB592D0-DE6C-4B09-8854-B8829AC48AD3}
		{0ABA1C5B-6A94-4003-BC29-F91FB7094456} = {FD7A719E-D30B-46D6-989B-3553E80ABB12}
		{EA643B09-6655-4DBC-9D80-4652818CC317} = {FD7A719E-D30B-46D6-989B-3553E80ABB12}
		{3DF49F27-11D4-45E6-9B77-C0C655EB6402} = {FD7A719E-D30B-46D6-989B-3553E80ABB12}
		{8466BC0C-0BC9-4EC7-844C-30B6AE7EC43E} = {FD7A719E-D30B-46D6-989B-3553E80ABB12}
		{0E7FF05B-084F-4168-928D-5A66A51A7515} = {4CF3E69D-08BF-4336-8392-213949ECFDB3}
		{A6000745-C491-40AF-B900-3D6E19771A33} = {4CF3E69D-08BF-4336-8392-213949ECFDB3}
		{F9BF0BCE-E73A-4FA6-BAF4-203C940CA30B} = {4CF3E69D-08BF-4336-8392-213949ECFDB3}
		{63B9A09C-BFE6-4E15-818A-CD20140E6ACC} = {13FC68B0-CABD-4242-A48D-549C0AD0D32E}
		{55433BF1-1B46-4DC6-A82C-793A34FEDC12} = {13FC68B0-CABD-4242-A48D-549C0AD0D32E}
		{7FC7E347-EBD6-448B-B7C9-099D67F261D8} = {13FC68B0-CABD-4242-A48D-549C0AD0D32E}
		{22A50E79-B9E3-42D3-8206-0795E81E4EFA} = {13FC68B0-CABD-4242-A48D-549C0AD0D32E}
		{07B7AB88-ED0D-4694-BC86-B8B0BC4100AA} = {6B236F96-629E-4A1A-A6A4-324A10A8AA5B}
		{1C5B4DFE-812A-4699-8D95-0594FCB321E3} = {6B236F96-629E-4A1A-A6A4-324A10A8AA5B}
		{689F5F26-1C38-4DA8-BC09-A51A7CFCBA9C} = {6B236F96-629E-4A1A-A6A4-324A10A8AA5B}
		{1FFA694D-35CE-4CB0-85DF-79071F0560E1} = {6B236F96-629E-4A1A-A6A4-324A10A8AA5B}
		{BCE559DB-4849-4ED4-B634-7C20CFAE646B} = {78BE409E-C10D-46B7-BEBF-3B9BB335A373}
		{E836D311-17A7-42C2-B81B-DAAC40633D3F} = {78BE409E-C10D-46B7-BEBF-3B9BB335A373}
		{EE9D1EA4-1CFC-4864-A08C-6205A99E62C0} = {78BE409E-C10D-46B7-BEBF-3B9BB335A373}
		{0260D520-98A7-42FE-9300-0E2F495B8DEF} = {78BE409E-C10D-46B7-BEBF-3B9BB335A373}
		{FDF3D217-1136-4D76-BD62-9D1EECF0938B} = {78BE409E-C10D-46B7-BEBF-3B9BB335A373}
		{62DB6D1A-1BCB-498D-BDBD-63D1B80411EE} = {3379D71F-C12C-4C19-8B11-A3AD361AE73F}
		{C6E811D6-BEF6-4E08-BFB8-CABBF7834973} = {78BE409E-C10D-46B7-BEBF-3B9BB335A373}
		{DEB18C7C-E558-47A0-B8AD-828C5674C69A} = {78BE409E-C10D-46B7-BEBF-3B9BB335A373}
		{97BBB407-85A1-4660-B9C7-EA073F4C4E27} = {78BE409E-C10D-46B7-BEBF-3B9BB335A373}
		{E657FA29-92B3-4956-82B0-F880949D08E5} = {78BE409E-C10D-46B7-BEBF-3B9BB335A373}
		{DE9F061B-4D7F-49C6-805C-6E0BA0D7FDC9} = {78BE409E-C10D-46B7-BEBF-3B9BB335A373}
		{8617FFBF-C8AB-4FE4-AC94-9452CA2DE4AC} = {78BE409E-C10D-46B7-BEBF-3B9BB335A373}
		{F42CB67A-5E3F-4435-9539-7F0564E0B215} = {78BE409E-C10D-46B7-BEBF-3B9BB335A373}
		{4A647AEE-C0E4-4636-9B0E-43CDBE91EF0B} = {78BE409E-C10D-46B7-BEBF-3B9BB335A373}
		{006D82A5-1E01-4420-A755-DA1796301072} = {2586F023-FB1E-4759-A0DD-BE78CEC37867}
		{AFC9E1FC-99BA-44AC-8A09-9D56CA93C07D} = {2586F023-FB1E-4759-A0DD-BE78CEC37867}
		{06601A80-38DE-429B-B87B-C8F4E2BD48CC} = {2586F023-FB1E-4759-A0DD-BE78CEC37867}
		{0DD56875-271B-4807-A905-3C6158A6E7F9} = {2586F023-FB1E-4759-A0DD-BE78CEC37867}
		{B1FDDBA3-31F3-495F-9598-87C62D322BF9} = {2586F023-FB1E-4759-A0DD-BE78CEC37867}
		{9B5D50BC-3561-4C2B-885B-A95FB4A8B616} = {2586F023-FB1E-4759-A0DD-BE78CEC37867}
		{0B098DAF-6C72-47AF-851E-F7EDDB30AE30} = {2586F023-FB1E-4759-A0DD-BE78CEC37867}
		{401C81D3-EF45-4B1B-90CF-8180D2A812A3} = {3379D71F-C12C-4C19-8B11-A3AD361AE73F}
		{66755490-7F5C-4863-B35A-A7BD82A062DE} = {3379D71F-C12C-4C19-8B11-A3AD361AE73F}
		{B90DE77D-6300-4EE5-9A9D-04CFE36A0861} = {E2193C15-B586-40C8-BF78-18C4324C2151}
		{B0D2C7DA-6804-4DCB-8E99-022E497FEF2F} = {E2193C15-B586-40C8-BF78-18C4324C2151}
		{822C5A57-3CDA-4502-B0DF-FA6B330EDF0B} = {E2193C15-B586-40C8-BF78-18C4324C2151}
		{05A8C835-E010-4ABD-B0F0-7964D76330E9} = {E2193C15-B586-40C8-BF78-18C4324C2151}
		{AFDD9307-3465-464F-8716-9F0940AE6CEC} = {E2193C15-B586-40C8-BF78-18C4324C2151}
		{8E2DCE7A-FB94-4279-BD07-F1C0DF5EA826} = {99366B2B-EA8F-4DFA-85AE-3770F02B4545}
		{26358C36-E6D0-4995-A3E2-1E4FEB652F5B} = {99366B2B-EA8F-4DFA-85AE-3770F02B4545}
		{9EA4D005-CFDE-4B71-8BFA-477764BE4FFC} = {99366B2B-EA8F-4DFA-85AE-3770F02B4545}
		{B37F02A3-768C-41A4-83A4-88CDE421CB64} = {99366B2B-EA8F-4DFA-85AE-3770F02B4545}
		{CC0E3D38-ECF6-4EA2-A51B-6841917CE9CA} = {817101D9-0544-47A9-87BC-127C0CD48BBB}
		{7A98321A-27BC-460E-9D61-0C1FB28B9910} = {817101D9-0544-47A9-87BC-127C0CD48BBB}
		{3B5FABA8-CD6F-4E0A-AFCE-5445C4AA8767} = {817101D9-0544-47A9-87BC-127C0CD48BBB}
		{82ED0CB5-5643-44D4-93DA-6302CC86E030} = {817101D9-0544-47A9-87BC-127C0CD48BBB}
		{9F5E466B-EDAC-417B-829D-95688F77A170} = {817101D9-0544-47A9-87BC-127C0CD48BBB}
		{62C8A355-80BF-42C6-A5E1-2EC945EC42FD} = {F8C10583-9645-4E51-B223-CC57587E5544}
		{7E67080B-4894-4A2A-89BD-E0A380EA4A5D} = {F8C10583-9645-4E51-B223-CC57587E5544}
	EndGlobalSection
	GlobalSection(ExtensibilityGlobals) = postSolution
		SolutionGuid = {53182804-5265-44A7-893C-C8BCD3E68976}
	EndGlobalSection
EndGlobal
